<Solution>
  <Folder Name="/others/">
    <File Path=".editorconfig" />
    <File Path=".gitattributes" />
    <File Path=".gitignore" />
  </Folder>
  <Folder Name="/Server/">
    <Project Path="Travels.BLL/Travels.BLL.csproj" />
    <Project Path="Travels.DAL/Travels.DAL.csproj" />
  </Folder>
  <Project Path="Travels.Models/Travels.Models.csproj" />
</Solution>
